// !$*UTF8*$!
{
	archiveVersion = 1;
	classes = {
	};
	objectVersion = 50;
	objects = {

/* Begin PBXBuildFile section */
		26004C7420C7194600A66372 /* SignUpViewController.swift in Sources */ = {isa = PBXBuildFile; fileRef = 26004C7320C7194600A66372 /* SignUpViewController.swift */; };
		266678E920A1EAFC0036834F /* AppDelegate.swift in Sources */ = {isa = PBXBuildFile; fileRef = 266678E820A1EAFC0036834F /* AppDelegate.swift */; };
		266678EB20A1EAFC0036834F /* ViewController.swift in Sources */ = {isa = PBXBuildFile; fileRef = 266678EA20A1EAFC0036834F /* ViewController.swift */; };
		266678EE20A1EAFC0036834F /* Main.storyboard in Resources */ = {isa = PBXBuildFile; fileRef = 266678EC20A1EAFC0036834F /* Main.storyboard */; };
		266678F020A1EAFD0036834F /* Assets.xcassets in Resources */ = {isa = PBXBuildFile; fileRef = 266678EF20A1EAFD0036834F /* Assets.xcassets */; };
		266678F320A1EAFD0036834F /* LaunchScreen.storyboard in Resources */ = {isa = PBXBuildFile; fileRef = 266678F120A1EAFD0036834F /* LaunchScreen.storyboard */; };
		26903A4E20A257E300E5C715 /* HomeViewController.swift in Sources */ = {isa = PBXBuildFile; fileRef = 26903A4D20A257E300E5C715 /* HomeViewController.swift */; };
		26B0BC7F20E3B2CD0067C9C3 /* ProfileViewController.swift in Sources */ = {isa = PBXBuildFile; fileRef = 26B0BC7E20E3B2CD0067C9C3 /* ProfileViewController.swift */; };
		26B0BC8120E3B3AE0067C9C3 /* FriendsViewController.swift in Sources */ = {isa = PBXBuildFile; fileRef = 26B0BC8020E3B3AE0067C9C3 /* FriendsViewController.swift */; };
		26B0BC8320E3B9340067C9C3 /* FriendRequestsViewController.swift in Sources */ = {isa = PBXBuildFile; fileRef = 26B0BC8220E3B9340067C9C3 /* FriendRequestsViewController.swift */; };
		26B0BC8520E3C44F0067C9C3 /* UpdateUser.swift in Sources */ = {isa = PBXBuildFile; fileRef = 26B0BC8420E3C44F0067C9C3 /* UpdateUser.swift */; };
		26EED76A20CD6382004E980E /* SearchViewController.swift in Sources */ = {isa = PBXBuildFile; fileRef = 26EED76920CD6382004E980E /* SearchViewController.swift */; };
		26EED76C20CD8789004E980E /* ViewUserViewController.swift in Sources */ = {isa = PBXBuildFile; fileRef = 26EED76B20CD8789004E980E /* ViewUserViewController.swift */; };
/* End PBXBuildFile section */

/* Begin PBXFileReference section */
		26004C7320C7194600A66372 /* SignUpViewController.swift */ = {isa = PBXFileReference; lastKnownFileType = sourcecode.swift; path = SignUpViewController.swift; sourceTree = "<group>"; };
		266678E520A1EAFC0036834F /* Petspot.app */ = {isa = PBXFileReference; explicitFileType = wrapper.application; includeInIndex = 0; path = Petspot.app; sourceTree = BUILT_PRODUCTS_DIR; };
		266678E820A1EAFC0036834F /* AppDelegate.swift */ = {isa = PBXFileReference; lastKnownFileType = sourcecode.swift; path = AppDelegate.swift; sourceTree = "<group>"; };
		266678EA20A1EAFC0036834F /* ViewController.swift */ = {isa = PBXFileReference; lastKnownFileType = sourcecode.swift; path = ViewController.swift; sourceTree = "<group>"; };
		266678ED20A1EAFC0036834F /* Base */ = {isa = PBXFileReference; lastKnownFileType = file.storyboard; name = Base; path = Base.lproj/Main.storyboard; sourceTree = "<group>"; };
		266678EF20A1EAFD0036834F /* Assets.xcassets */ = {isa = PBXFileReference; lastKnownFileType = folder.assetcatalog; path = Assets.xcassets; sourceTree = "<group>"; };
		266678F220A1EAFD0036834F /* Base */ = {isa = PBXFileReference; lastKnownFileType = file.storyboard; name = Base; path = Base.lproj/LaunchScreen.storyboard; sourceTree = "<group>"; };
		266678F420A1EAFD0036834F /* Info.plist */ = {isa = PBXFileReference; lastKnownFileType = text.plist.xml; path = Info.plist; sourceTree = "<group>"; };
		26903A4D20A257E300E5C715 /* HomeViewController.swift */ = {isa = PBXFileReference; lastKnownFileType = sourcecode.swift; path = HomeViewController.swift; sourceTree = "<group>"; };
		26B0BC7E20E3B2CD0067C9C3 /* ProfileViewController.swift */ = {isa = PBXFileReference; lastKnownFileType = sourcecode.swift; path = ProfileViewController.swift; sourceTree = "<group>"; };
		26B0BC8020E3B3AE0067C9C3 /* FriendsViewController.swift */ = {isa = PBXFileReference; lastKnownFileType = sourcecode.swift; path = FriendsViewController.swift; sourceTree = "<group>"; };
		26B0BC8220E3B9340067C9C3 /* FriendRequestsViewController.swift */ = {isa = PBXFileReference; lastKnownFileType = sourcecode.swift; path = FriendRequestsViewController.swift; sourceTree = "<group>"; };
		26B0BC8420E3C44F0067C9C3 /* UpdateUser.swift */ = {isa = PBXFileReference; lastKnownFileType = sourcecode.swift; path = UpdateUser.swift; sourceTree = "<group>"; };
		26EED76920CD6382004E980E /* SearchViewController.swift */ = {isa = PBXFileReference; lastKnownFileType = sourcecode.swift; path = SearchViewController.swift; sourceTree = "<group>"; };
		26EED76B20CD8789004E980E /* ViewUserViewController.swift */ = {isa = PBXFileReference; lastKnownFileType = sourcecode.swift; path = ViewUserViewController.swift; sourceTree = "<group>"; };
/* End PBXFileReference section */

/* Begin PBXFrameworksBuildPhase section */
		266678E220A1EAFB0036834F /* Frameworks */ = {
			isa = PBXFrameworksBuildPhase;
			buildActionMask = 2147483647;
			files = (
			);
			runOnlyForDeploymentPostprocessing = 0;
		};
/* End PBXFrameworksBuildPhase section */

/* Begin PBXGroup section */
		266678DC20A1EAFB0036834F = {
			isa = PBXGroup;
			children = (
				266678E720A1EAFC0036834F /* Petspot */,
				266678E620A1EAFC0036834F /* Products */,
			);
			sourceTree = "<group>";
		};
		266678E620A1EAFC0036834F /* Products */ = {
			isa = PBXGroup;
			children = (
				266678E520A1EAFC0036834F /* Petspot.app */,
			);
			name = Products;
			sourceTree = "<group>";
		};
		266678E720A1EAFC0036834F /* Petspot */ = {
			isa = PBXGroup;
			children = (
				26B0BC8220E3B9340067C9C3 /* FriendRequestsViewController.swift */,
				26B0BC7E20E3B2CD0067C9C3 /* ProfileViewController.swift */,
				26B0BC8020E3B3AE0067C9C3 /* FriendsViewController.swift */,
				266678E820A1EAFC0036834F /* AppDelegate.swift */,
				266678EA20A1EAFC0036834F /* ViewController.swift */,
				26EED76B20CD8789004E980E /* ViewUserViewController.swift */,
				266678EC20A1EAFC0036834F /* Main.storyboard */,
				26B0BC8420E3C44F0067C9C3 /* UpdateUser.swift */,
				26EED76920CD6382004E980E /* SearchViewController.swift */,
				26004C7320C7194600A66372 /* SignUpViewController.swift */,
				26903A4D20A257E300E5C715 /* HomeViewController.swift */,
				266678EF20A1EAFD0036834F /* Assets.xcassets */,
				266678F120A1EAFD0036834F /* LaunchScreen.storyboard */,
				266678F420A1EAFD0036834F /* Info.plist */,
			);
			path = Petspot;
			sourceTree = "<group>";
		};
/* End PBXGroup section */

/* Begin PBXNativeTarget section */
		266678E420A1EAFB0036834F /* Petspot */ = {
			isa = PBXNativeTarget;
			buildConfigurationList = 266678F720A1EAFD0036834F /* Build configuration list for PBXNativeTarget "Petspot" */;
			buildPhases = (
				266678E120A1EAFB0036834F /* Sources */,
				266678E220A1EAFB0036834F /* Frameworks */,
				266678E320A1EAFB0036834F /* Resources */,
			);
			buildRules = (
			);
			dependencies = (
			);
			name = Petspot;
			productName = Petspot;
			productReference = 266678E520A1EAFC0036834F /* Petspot.app */;
			productType = "com.apple.product-type.application";
		};
/* End PBXNativeTarget section */

/* Begin PBXProject section */
		266678DD20A1EAFB0036834F /* Project object */ = {
			isa = PBXProject;
			attributes = {
				LastSwiftUpdateCheck = 0930;
				LastUpgradeCheck = 0930;
				ORGANIZATIONNAME = Athanasios;
				TargetAttributes = {
					266678E420A1EAFB0036834F = {
						CreatedOnToolsVersion = 9.3;
					};
				};
			};
			buildConfigurationList = 266678E020A1EAFB0036834F /* Build configuration list for PBXProject "Petspot" */;
			compatibilityVersion = "Xcode 9.3";
			developmentRegion = en;
			hasScannedForEncodings = 0;
			knownRegions = (
				en,
				Base,
			);
			mainGroup = 266678DC20A1EAFB0036834F;
			productRefGroup = 266678E620A1EAFC0036834F /* Products */;
			projectDirPath = "";
			projectRoot = "";
			targets = (
				266678E420A1EAFB0036834F /* Petspot */,
			);
		};
/* End PBXProject section */

/* Begin PBXResourcesBuildPhase section */
		266678E320A1EAFB0036834F /* Resources */ = {
			isa = PBXResourcesBuildPhase;
			buildActionMask = 2147483647;
			files = (
				266678F320A1EAFD0036834F /* LaunchScreen.storyboard in Resources */,
				266678F020A1EAFD0036834F /* Assets.xcassets in Resources */,
				266678EE20A1EAFC0036834F /* Main.storyboard in Resources */,
			);
			runOnlyForDeploymentPostprocessing = 0;
		};
/* End PBXResourcesBuildPhase section */

/* Begin PBXSourcesBuildPhase section */
		266678E120A1EAFB0036834F /* Sources */ = {
			isa = PBXSourcesBuildPhase;
			buildActionMask = 2147483647;
			files = (
				26B0BC8120E3B3AE0067C9C3 /* FriendsViewController.swift in Sources */,
				26B0BC8520E3C44F0067C9C3 /* UpdateUser.swift in Sources */,
				26B0BC8320E3B9340067C9C3 /* FriendRequestsViewController.swift in Sources */,
				26EED76C20CD8789004E980E /* ViewUserViewController.swift in Sources */,
				26EED76A20CD6382004E980E /* SearchViewController.swift in Sources */,
				266678EB20A1EAFC0036834F /* ViewController.swift in Sources */,
				266678E920A1EAFC0036834F /* AppDelegate.swift in Sources */,
				26B0BC7F20E3B2CD0067C9C3 /* ProfileViewController.swift in Sources */,
				26004C7420C7194600A66372 /* SignUpViewController.swift in Sources */,
				26903A4E20A257E300E5C715 /* HomeViewController.swift in Sources */,
			);
			runOnlyForDeploymentPostprocessing = 0;
		};
/* End PBXSourcesBuildPhase section */

/* Begin PBXVariantGroup section */
		266678EC20A1EAFC0036834F /* Main.storyboard */ = {
			isa = PBXVariantGroup;
			children = (
				266678ED20A1EAFC0036834F /* Base */,
			);
			name = Main.storyboard;
			sourceTree = "<group>";
		};
		266678F120A1EAFD0036834F /* LaunchScreen.storyboard */ = {
			isa = PBXVariantGroup;
			children = (
				266678F220A1EAFD0036834F /* Base */,
			);
			name = LaunchScreen.storyboard;
			sourceTree = "<group>";
		};
/* End PBXVariantGroup section */

/* Begin XCBuildConfiguration section */
		266678F520A1EAFD0036834F /* Debug */ = {
			isa = XCBuildConfiguration;
			buildSettings = {
				ALWAYS_SEARCH_USER_PATHS = NO;
				CLANG_ANALYZER_NONNULL = YES;
				CLANG_ANALYZER_NUMBER_OBJECT_CONVERSION = YES_AGGRESSIVE;
				CLANG_CXX_LANGUAGE_STANDARD = "gnu++14";
				CLANG_CXX_LIBRARY = "libc++";
				CLANG_ENABLE_MODULES = YES;
				CLANG_ENABLE_OBJC_ARC = YES;
				CLANG_ENABLE_OBJC_WEAK = YES;
				CLANG_WARN_BLOCK_CAPTURE_AUTORELEASING = YES;
				CLANG_WARN_BOOL_CONVERSION = YES;
				CLANG_WARN_COMMA = YES;
				CLANG_WARN_CONSTANT_CONVERSION = YES;
				CLANG_WARN_DEPRECATED_OBJC_IMPLEMENTATIONS = YES;
				CLANG_WARN_DIRECT_OBJC_ISA_USAGE = YES_ERROR;
				CLANG_WARN_DOCUMENTATION_COMMENTS = YES;
				CLANG_WARN_EMPTY_BODY = YES;
				CLANG_WARN_ENUM_CONVERSION = YES;
				CLANG_WARN_INFINITE_RECURSION = YES;
				CLANG_WARN_INT_CONVERSION = YES;
				CLANG_WARN_NON_LITERAL_NULL_CONVERSION = YES;
				CLANG_WARN_OBJC_IMPLICIT_RETAIN_SELF = YES;
				CLANG_WARN_OBJC_LITERAL_CONVERSION = YES;
				CLANG_WARN_OBJC_ROOT_CLASS = YES_ERROR;
				CLANG_WARN_RANGE_LOOP_ANALYSIS = YES;
				CLANG_WARN_STRICT_PROTOTYPES = YES;
				CLANG_WARN_SUSPICIOUS_MOVE = YES;
				CLANG_WARN_UNGUARDED_AVAILABILITY = YES_AGGRESSIVE;
				CLANG_WARN_UNREACHABLE_CODE = YES;
				CLANG_WARN__DUPLICATE_METHOD_MATCH = YES;
				CODE_SIGN_IDENTITY = "iPhone Developer";
				COPY_PHASE_STRIP = NO;
				DEBUG_INFORMATION_FORMAT = dwarf;
				ENABLE_STRICT_OBJC_MSGSEND = YES;
				ENABLE_TESTABILITY = YES;
				GCC_C_LANGUAGE_STANDARD = gnu11;
				GCC_DYNAMIC_NO_PIC = NO;
				GCC_NO_COMMON_BLOCKS = YES;
				GCC_OPTIMIZATION_LEVEL = 0;
				GCC_PREPROCESSOR_DEFINITIONS = (
					"DEBUG=1",
					"$(inherited)",
				);
				GCC_WARN_64_TO_32_BIT_CONVERSION = YES;
				GCC_WARN_ABOUT_RETURN_TYPE = YES_ERROR;
				GCC_WARN_UNDECLARED_SELECTOR = YES;
				GCC_WARN_UNINITIALIZED_AUTOS = YES_AGGRESSIVE;
				GCC_WARN_UNUSED_FUNCTION = YES;
				GCC_WARN_UNUSED_VARIABLE = YES;
				IPHONEOS_DEPLOYMENT_TARGET = 11.3;
				MTL_ENABLE_DEBUG_INFO = YES;
				ONLY_ACTIVE_ARCH = YES;
				SDKROOT = iphoneos;
				SWIFT_ACTIVE_COMPILATION_CONDITIONS = DEBUG;
				SWIFT_OPTIMIZATION_LEVEL = "-Onone";
			};
			name = Debug;
		};
		266678F620A1EAFD0036834F /* Release */ = {
			isa = XCBuildConfiguration;
			buildSettings = {
				ALWAYS_SEARCH_USER_PATHS = NO;
				CLANG_ANALYZER_NONNULL = YES;
				CLANG_ANALYZER_NUMBER_OBJECT_CONVERSION = YES_AGGRESSIVE;
				CLANG_CXX_LANGUAGE_STANDARD = "gnu++14";
				CLANG_CXX_LIBRARY = "libc++";
				CLANG_ENABLE_MODULES = YES;
				CLANG_ENABLE_OBJC_ARC = YES;
				CLANG_ENABLE_OBJC_WEAK = YES;
				CLANG_WARN_BLOCK_CAPTURE_AUTORELEASING = YES;
				CLANG_WARN_BOOL_CONVERSION = YES;
				CLANG_WARN_COMMA = YES;
				CLANG_WARN_CONSTANT_CONVERSION = YES;
				CLANG_WARN_DEPRECATED_OBJC_IMPLEMENTATIONS = YES;
				CLANG_WARN_DIRECT_OBJC_ISA_USAGE = YES_ERROR;
				CLANG_WARN_DOCUMENTATION_COMMENTS = YES;
				CLANG_WARN_EMPTY_BODY = YES;
				CLANG_WARN_ENUM_CONVERSION = YES;
				CLANG_WARN_INFINITE_RECURSION = YES;
				CLANG_WARN_INT_CONVERSION = YES;
				CLANG_WARN_NON_LITERAL_NULL_CONVERSION = YES;
				CLANG_WARN_OBJC_IMPLICIT_RETAIN_SELF = YES;
				CLANG_WARN_OBJC_LITERAL_CONVERSION = YES;
				CLANG_WARN_OBJC_ROOT_CLASS = YES_ERROR;
				CLANG_WARN_RANGE_LOOP_ANALYSIS = YES;
				CLANG_WARN_STRICT_PROTOTYPES = YES;
				CLANG_WARN_SUSPICIOUS_MOVE = YES;
				CLANG_WARN_UNGUARDED_AVAILABILITY = YES_AGGRESSIVE;
				CLANG_WARN_UNREACHABLE_CODE = YES;
				CLANG_WARN__DUPLICATE_METHOD_MATCH = YES;
				CODE_SIGN_IDENTITY = "iPhone Developer";
				COPY_PHASE_STRIP = NO;
				DEBUG_INFORMATION_FORMAT = "dwarf-with-dsym";
				ENABLE_NS_ASSERTIONS = NO;
				ENABLE_STRICT_OBJC_MSGSEND = YES;
				GCC_C_LANGUAGE_STANDARD = gnu11;
				GCC_NO_COMMON_BLOCKS = YES;
				GCC_WARN_64_TO_32_BIT_CONVERSION = YES;
				GCC_WARN_ABOUT_RETURN_TYPE = YES_ERROR;
				GCC_WARN_UNDECLARED_SELECTOR = YES;
				GCC_WARN_UNINITIALIZED_AUTOS = YES_AGGRESSIVE;
				GCC_WARN_UNUSED_FUNCTION = YES;
				GCC_WARN_UNUSED_VARIABLE = YES;
				IPHONEOS_DEPLOYMENT_TARGET = 11.3;
				MTL_ENABLE_DEBUG_INFO = NO;
				SDKROOT = iphoneos;
				SWIFT_COMPILATION_MODE = wholemodule;
				SWIFT_OPTIMIZATION_LEVEL = "-O";
				VALIDATE_PRODUCT = YES;
			};
			name = Release;
		};
		266678F820A1EAFD0036834F /* Debug */ = {
			isa = XCBuildConfiguration;
			buildSettings = {
				ASSETCATALOG_COMPILER_APPICON_NAME = AppIcon;
				CODE_SIGN_STYLE = Automatic;
				DEVELOPMENT_TEAM = 7DMVGZX3SG;
				INFOPLIST_FILE = Petspot/Info.plist;
				LD_RUNPATH_SEARCH_PATHS = (
					"$(inherited)",
					"@executable_path/Frameworks",
				);
				PRODUCT_BUNDLE_IDENTIFIER = com.athanasios.Petspot;
				PRODUCT_NAME = "$(TARGET_NAME)";
				SWIFT_VERSION = 4.0;
				TARGETED_DEVICE_FAMILY = 1;
			};
			name = Debug;
		};
		266678F920A1EAFD0036834F /* Release */ = {
			isa = XCBuildConfiguration;
			buildSettings = {
				ASSETCATALOG_COMPILER_APPICON_NAME = AppIcon;
				CODE_SIGN_STYLE = Automatic;
				DEVELOPMENT_TEAM = 7DMVGZX3SG;
				INFOPLIST_FILE = Petspot/Info.plist;
				LD_RUNPATH_SEARCH_PATHS = (
					"$(inherited)",
					"@executable_path/Frameworks",
				);
				PRODUCT_BUNDLE_IDENTIFIER = com.athanasios.Petspot;
				PRODUCT_NAME = "$(TARGET_NAME)";
				SWIFT_VERSION = 4.0;
				TARGETED_DEVICE_FAMILY = 1;
			};
			name = Release;
		};
/* End XCBuildConfiguration section */

/* Begin XCConfigurationList section */
		266678E020A1EAFB0036834F /* Build configuration list for PBXProject "Petspot" */ = {
			isa = XCConfigurationList;
			buildConfigurations = (
				266678F520A1EAFD0036834F /* Debug */,
				266678F620A1EAFD0036834F /* Release */,
			);
			defaultConfigurationIsVisible = 0;
			defaultConfigurationName = Release;
		};
		266678F720A1EAFD0036834F /* Build configuration list for PBXNativeTarget "Petspot" */ = {
			isa = XCConfigurationList;
			buildConfigurations = (
				266678F820A1EAFD0036834F /* Debug */,
				266678F920A1EAFD0036834F /* Release */,
			);
			defaultConfigurationIsVisible = 0;
			defaultConfigurationName = Release;
		};
/* End XCConfigurationList section */
	};
	rootObject = 266678DD20A1EAFB0036834F /* Project object */;
}
